
Microsoft Visual Studio Solution File, Format Version 12.00
# Visual Studio Version 17
VisualStudioVersion = 17.6.33723.286
MinimumVisualStudioVersion = 10.0.40219.1
Project("{FAE04EC0-301F-11D3-BF4B-00C04F79EFBC}") = "CaroProject", "CaroProject\CaroProject.csproj", "{E421C5F2-DB7C-4AAC-B6F7-4EDABC8310D4}"
EndProject
Global
	GlobalSection(SolutionConfigurationPlatforms) = preSolution
		Debug|Any CPU = Debug|Any CPU
		Release|Any CPU = Release|Any CPU
	EndGlobalSection
	GlobalSection(ProjectConfigurationPlatforms) = postSolution
		{E421C5F2-DB7C-4AAC-B6F7-4EDABC8310D4}.Debug|Any CPU.ActiveCfg = Debug|Any CPU
		{E421C5F2-DB7C-4AAC-B6F7-4EDABC8310D4}.Debug|Any CPU.Build.0 = Debug|Any CPU
		{E421C5F2-DB7C-4AAC-B6F7-4EDABC8310D4}.Release|Any CPU.ActiveCfg = Release|Any CPU
		{E421C5F2-DB7C-4AAC-B6F7-4EDABC8310D4}.Release|Any CPU.Build.0 = Release|Any CPU
	EndGlobalSection
	GlobalSection(SolutionProperties) = preSolution
		HideSolutionNode = FALSE
	EndGlobalSection
	GlobalSection(ExtensibilityGlobals) = postSolution
		SolutionGuid = {4952973E-087E-4686-B8A7-A32F192BA28B}
	EndGlobalSection
EndGlobal
